Microsoft Visual Studio Solution File, Format Version 12.00
# Visual Studio Version 17
VisualStudioVersion = 17.5.2.0
MinimumVisualStudioVersion = 10.0.40219.1
Project("{FAE04EC0-301F-11D3-BF4B-00C04F79EFBC}") = "WebpageYay", "WebpageYay.csproj", "{528ED247-B851-BA72-BF73-289DCB7CF674}"
EndProject
Global
	GlobalSection(SolutionConfigurationPlatforms) = preSolution
		Debug|Any CPU = Debug|Any CPU
		Release|Any CPU = Release|Any CPU
	EndGlobalSection
	GlobalSection(ProjectConfigurationPlatforms) = postSolution
		{528ED247-B851-BA72-BF73-289DCB7CF674}.Debug|Any CPU.ActiveCfg = Debug|Any CPU
		{528ED247-B851-BA72-BF73-289DCB7CF674}.Debug|Any CPU.Build.0 = Debug|Any CPU
		{528ED247-B851-BA72-BF73-289DCB7CF674}.Release|Any CPU.ActiveCfg = Release|Any CPU
		{528ED247-B851-BA72-BF73-289DCB7CF674}.Release|Any CPU.Build.0 = Release|Any CPU
	EndGlobalSection
	GlobalSection(SolutionProperties) = preSolution
		HideSolutionNode = FALSE
	EndGlobalSection
	GlobalSection(ExtensibilityGlobals) = postSolution
		SolutionGuid = {A2037E38-3EA9-48FB-9796-9D4357D5EF2C}
	EndGlobalSection
EndGlobal
